// !$*UTF8*$!
{
	archiveVersion = 1;
	classes = {
	};
	objectVersion = 46;
	objects = {

/* Begin PBXBuildFile section */
		469D21B616EFE61500D894F2 /* UIKit.framework in Frameworks */ = {isa = PBXBuildFile; fileRef = 469D21B516EFE61500D894F2 /* UIKit.framework */; };
		469D21B816EFE61500D894F2 /* Foundation.framework in Frameworks */ = {isa = PBXBuildFile; fileRef = 469D21B716EFE61500D894F2 /* Foundation.framework */; };
		469D21BA16EFE61500D894F2 /* CoreGraphics.framework in Frameworks */ = {isa = PBXBuildFile; fileRef = 469D21B916EFE61500D894F2 /* CoreGraphics.framework */; };
		469D21C016EFE61600D894F2 /* InfoPlist.strings in Resources */ = {isa = PBXBuildFile; fileRef = 469D21BE16EFE61600D894F2 /* InfoPlist.strings */; };
		469D21C216EFE61600D894F2 /* main.m in Sources */ = {isa = PBXBuildFile; fileRef = 469D21C116EFE61600D894F2 /* main.m */; };
		469D21C616EFE61600D894F2 /* MBAppDelegate.m in Sources */ = {isa = PBXBuildFile; fileRef = 469D21C516EFE61600D894F2 /* MBAppDelegate.m */; };
		469D21C816EFE61600D894F2 /* Default.png in Resources */ = {isa = PBXBuildFile; fileRef = 469D21C716EFE61600D894F2 /* Default.png */; };
		469D21CA16EFE61600D894F2 /* Default@2x.png in Resources */ = {isa = PBXBuildFile; fileRef = 469D21C916EFE61600D894F2 /* Default@2x.png */; };
		469D21CC16EFE61600D894F2 /* Default-568h@2x.png in Resources */ = {isa = PBXBuildFile; fileRef = 469D21CB16EFE61600D894F2 /* Default-568h@2x.png */; };
		469D21D616EFE62200D894F2 /* MBButtonMenuViewController.m in Sources */ = {isa = PBXBuildFile; fileRef = 469D21D416EFE62200D894F2 /* MBButtonMenuViewController.m */; };
		469D21D916EFE63500D894F2 /* MBViewController.m in Sources */ = {isa = PBXBuildFile; fileRef = 469D21D816EFE63500D894F2 /* MBViewController.m */; };
		469D21DB16F0490600D894F2 /* MBViewController.xib in Resources */ = {isa = PBXBuildFile; fileRef = 469D21DA16F0490600D894F2 /* MBViewController.xib */; };
/* End PBXBuildFile section */

/* Begin PBXFileReference section */
		469D21B216EFE61500D894F2 /* MBMenuController.app */ = {isa = PBXFileReference; explicitFileType = wrapper.application; includeInIndex = 0; path = MBMenuController.app; sourceTree = BUILT_PRODUCTS_DIR; };
		469D21B516EFE61500D894F2 /* UIKit.framework */ = {isa = PBXFileReference; lastKnownFileType = wrapper.framework; name = UIKit.framework; path = System/Library/Frameworks/UIKit.framework; sourceTree = SDKROOT; };
		469D21B716EFE61500D894F2 /* Foundation.framework */ = {isa = PBXFileReference; lastKnownFileType = wrapper.framework; name = Foundation.framework; path = System/Library/Frameworks/Foundation.framework; sourceTree = SDKROOT; };
		469D21B916EFE61500D894F2 /* CoreGraphics.framework */ = {isa = PBXFileReference; lastKnownFileType = wrapper.framework; name = CoreGraphics.framework; path = System/Library/Frameworks/CoreGraphics.framework; sourceTree = SDKROOT; };
		469D21BD16EFE61600D894F2 /* MBMenuController-Info.plist */ = {isa = PBXFileReference; lastKnownFileType = text.plist.xml; path = "MBMenuController-Info.plist"; sourceTree = "<group>"; };
		469D21BF16EFE61600D894F2 /* en */ = {isa = PBXFileReference; lastKnownFileType = text.plist.strings; name = en; path = en.lproj/InfoPlist.strings; sourceTree = "<group>"; };
		469D21C116EFE61600D894F2 /* main.m */ = {isa = PBXFileReference; lastKnownFileType = sourcecode.c.objc; path = main.m; sourceTree = "<group>"; };
		469D21C316EFE61600D894F2 /* MBMenuController-Prefix.pch */ = {isa = PBXFileReference; lastKnownFileType = sourcecode.c.h; path = "MBMenuController-Prefix.pch"; sourceTree = "<group>"; };
		469D21C416EFE61600D894F2 /* MBAppDelegate.h */ = {isa = PBXFileReference; lastKnownFileType = sourcecode.c.h; path = MBAppDelegate.h; sourceTree = "<group>"; };
		469D21C516EFE61600D894F2 /* MBAppDelegate.m */ = {isa = PBXFileReference; lastKnownFileType = sourcecode.c.objc; path = MBAppDelegate.m; sourceTree = "<group>"; };
		469D21C716EFE61600D894F2 /* Default.png */ = {isa = PBXFileReference; lastKnownFileType = image.png; path = Default.png; sourceTree = "<group>"; };
		469D21C916EFE61600D894F2 /* Default@2x.png */ = {isa = PBXFileReference; lastKnownFileType = image.png; path = "Default@2x.png"; sourceTree = "<group>"; };
		469D21CB16EFE61600D894F2 /* Default-568h@2x.png */ = {isa = PBXFileReference; lastKnownFileType = image.png; path = "Default-568h@2x.png"; sourceTree = "<group>"; };
		469D21D316EFE62200D894F2 /* MBButtonMenuViewController.h */ = {isa = PBXFileReference; fileEncoding = 4; lastKnownFileType = sourcecode.c.h; path = MBButtonMenuViewController.h; sourceTree = "<group>"; };
		469D21D416EFE62200D894F2 /* MBButtonMenuViewController.m */ = {isa = PBXFileReference; fileEncoding = 4; lastKnownFileType = sourcecode.c.objc; path = MBButtonMenuViewController.m; sourceTree = "<group>"; };
		469D21D716EFE63500D894F2 /* MBViewController.h */ = {isa = PBXFileReference; fileEncoding = 4; lastKnownFileType = sourcecode.c.h; path = MBViewController.h; sourceTree = "<group>"; };
		469D21D816EFE63500D894F2 /* MBViewController.m */ = {isa = PBXFileReference; fileEncoding = 4; lastKnownFileType = sourcecode.c.objc; path = MBViewController.m; sourceTree = "<group>"; };
		469D21DA16F0490600D894F2 /* MBViewController.xib */ = {isa = PBXFileReference; fileEncoding = 4; lastKnownFileType = file.xib; path = MBViewController.xib; sourceTree = "<group>"; };
/* End PBXFileReference section */

/* Begin PBXFrameworksBuildPhase section */
		469D21AF16EFE61500D894F2 /* Frameworks */ = {
			isa = PBXFrameworksBuildPhase;
			buildActionMask = 2147483647;
			files = (
				469D21B616EFE61500D894F2 /* UIKit.framework in Frameworks */,
				469D21B816EFE61500D894F2 /* Foundation.framework in Frameworks */,
				469D21BA16EFE61500D894F2 /* CoreGraphics.framework in Frameworks */,
			);
			runOnlyForDeploymentPostprocessing = 0;
		};
/* End PBXFrameworksBuildPhase section */

/* Begin PBXGroup section */
		469D21A916EFE61500D894F2 = {
			isa = PBXGroup;
			children = (
				469D21BB16EFE61500D894F2 /* MBMenuController */,
				469D21B416EFE61500D894F2 /* Frameworks */,
				469D21B316EFE61500D894F2 /* Products */,
			);
			sourceTree = "<group>";
		};
		469D21B316EFE61500D894F2 /* Products */ = {
			isa = PBXGroup;
			children = (
				469D21B216EFE61500D894F2 /* MBMenuController.app */,
			);
			name = Products;
			sourceTree = "<group>";
		};
		469D21B416EFE61500D894F2 /* Frameworks */ = {
			isa = PBXGroup;
			children = (
				469D21B516EFE61500D894F2 /* UIKit.framework */,
				469D21B716EFE61500D894F2 /* Foundation.framework */,
				469D21B916EFE61500D894F2 /* CoreGraphics.framework */,
			);
			name = Frameworks;
			sourceTree = "<group>";
		};
		469D21BB16EFE61500D894F2 /* MBMenuController */ = {
			isa = PBXGroup;
			children = (
				469D21C416EFE61600D894F2 /* MBAppDelegate.h */,
				469D21C516EFE61600D894F2 /* MBAppDelegate.m */,
				469D21D716EFE63500D894F2 /* MBViewController.h */,
				469D21D816EFE63500D894F2 /* MBViewController.m */,
				469D21DA16F0490600D894F2 /* MBViewController.xib */,
				469D21D216EFE62200D894F2 /* Button Menu */,
				469D21BC16EFE61600D894F2 /* Supporting Files */,
			);
			path = MBMenuController;
			sourceTree = "<group>";
		};
		469D21BC16EFE61600D894F2 /* Supporting Files */ = {
			isa = PBXGroup;
			children = (
				469D21BD16EFE61600D894F2 /* MBMenuController-Info.plist */,
				469D21BE16EFE61600D894F2 /* InfoPlist.strings */,
				469D21C116EFE61600D894F2 /* main.m */,
				469D21C316EFE61600D894F2 /* MBMenuController-Prefix.pch */,
				469D21C716EFE61600D894F2 /* Default.png */,
				469D21C916EFE61600D894F2 /* Default@2x.png */,
				469D21CB16EFE61600D894F2 /* Default-568h@2x.png */,
			);
			name = "Supporting Files";
			sourceTree = "<group>";
		};
		469D21D216EFE62200D894F2 /* Button Menu */ = {
			isa = PBXGroup;
			children = (
				469D21D316EFE62200D894F2 /* MBButtonMenuViewController.h */,
				469D21D416EFE62200D894F2 /* MBButtonMenuViewController.m */,
			);
			path = "Button Menu";
			sourceTree = "<group>";
		};
/* End PBXGroup section */

/* Begin PBXNativeTarget section */
		469D21B116EFE61500D894F2 /* MBMenuController */ = {
			isa = PBXNativeTarget;
			buildConfigurationList = 469D21CF16EFE61600D894F2 /* Build configuration list for PBXNativeTarget "MBMenuController" */;
			buildPhases = (
				469D21AE16EFE61500D894F2 /* Sources */,
				469D21AF16EFE61500D894F2 /* Frameworks */,
				469D21B016EFE61500D894F2 /* Resources */,
			);
			buildRules = (
			);
			dependencies = (
			);
			name = MBMenuController;
			productName = MBMenuController;
			productReference = 469D21B216EFE61500D894F2 /* MBMenuController.app */;
			productType = "com.apple.product-type.application";
		};
/* End PBXNativeTarget section */

/* Begin PBXProject section */
		469D21AA16EFE61500D894F2 /* Project object */ = {
			isa = PBXProject;
			attributes = {
				CLASSPREFIX = MB;
				LastUpgradeCheck = 0460;
				ORGANIZATIONNAME = "Moshe Berman";
			};
			buildConfigurationList = 469D21AD16EFE61500D894F2 /* Build configuration list for PBXProject "MBMenuController" */;
			compatibilityVersion = "Xcode 3.2";
			developmentRegion = English;
			hasScannedForEncodings = 0;
			knownRegions = (
				en,
			);
			mainGroup = 469D21A916EFE61500D894F2;
			productRefGroup = 469D21B316EFE61500D894F2 /* Products */;
			projectDirPath = "";
			projectRoot = "";
			targets = (
				469D21B116EFE61500D894F2 /* MBMenuController */,
			);
		};
/* End PBXProject section */

/* Begin PBXResourcesBuildPhase section */
		469D21B016EFE61500D894F2 /* Resources */ = {
			isa = PBXResourcesBuildPhase;
			buildActionMask = 2147483647;
			files = (
				469D21C016EFE61600D894F2 /* InfoPlist.strings in Resources */,
				469D21C816EFE61600D894F2 /* Default.png in Resources */,
				469D21CA16EFE61600D894F2 /* Default@2x.png in Resources */,
				469D21CC16EFE61600D894F2 /* Default-568h@2x.png in Resources */,
				469D21DB16F0490600D894F2 /* MBViewController.xib in Resources */,
			);
			runOnlyForDeploymentPostprocessing = 0;
		};
/* End PBXResourcesBuildPhase section */

/* Begin PBXSourcesBuildPhase section */
		469D21AE16EFE61500D894F2 /* Sources */ = {
			isa = PBXSourcesBuildPhase;
			buildActionMask = 2147483647;
			files = (
				469D21C216EFE61600D894F2 /* main.m in Sources */,
				469D21C616EFE61600D894F2 /* MBAppDelegate.m in Sources */,
				469D21D616EFE62200D894F2 /* MBButtonMenuViewController.m in Sources */,
				469D21D916EFE63500D894F2 /* MBViewController.m in Sources */,
			);
			runOnlyForDeploymentPostprocessing = 0;
		};
/* End PBXSourcesBuildPhase section */

/* Begin PBXVariantGroup section */
		469D21BE16EFE61600D894F2 /* InfoPlist.strings */ = {
			isa = PBXVariantGroup;
			children = (
				469D21BF16EFE61600D894F2 /* en */,
			);
			name = InfoPlist.strings;
			sourceTree = "<group>";
		};
/* End PBXVariantGroup section */

/* Begin XCBuildConfiguration section */
		469D21CD16EFE61600D894F2 /* Debug */ = {
			isa = XCBuildConfiguration;
			buildSettings = {
				ALWAYS_SEARCH_USER_PATHS = NO;
				CLANG_CXX_LANGUAGE_STANDARD = "gnu++0x";
				CLANG_CXX_LIBRARY = "libc++";
				CLANG_ENABLE_OBJC_ARC = YES;
				CLANG_WARN_CONSTANT_CONVERSION = YES;
				CLANG_WARN_EMPTY_BODY = YES;
				CLANG_WARN_ENUM_CONVERSION = YES;
				CLANG_WARN_INT_CONVERSION = YES;
				CLANG_WARN__DUPLICATE_METHOD_MATCH = YES;
				"CODE_SIGN_IDENTITY[sdk=iphoneos*]" = "iPhone Developer";
				COPY_PHASE_STRIP = NO;
				GCC_C_LANGUAGE_STANDARD = gnu99;
				GCC_DYNAMIC_NO_PIC = NO;
				GCC_OPTIMIZATION_LEVEL = 0;
				GCC_PREPROCESSOR_DEFINITIONS = (
					"DEBUG=1",
					"$(inherited)",
				);
				GCC_SYMBOLS_PRIVATE_EXTERN = NO;
				GCC_WARN_ABOUT_RETURN_TYPE = YES;
				GCC_WARN_UNINITIALIZED_AUTOS = YES;
				GCC_WARN_UNUSED_VARIABLE = YES;
				IPHONEOS_DEPLOYMENT_TARGET = 6.1;
				ONLY_ACTIVE_ARCH = YES;
				SDKROOT = iphoneos;
				TARGETED_DEVICE_FAMILY = "1,2";
			};
			name = Debug;
		};
		469D21CE16EFE61600D894F2 /* Release */ = {
			isa = XCBuildConfiguration;
			buildSettings = {
				ALWAYS_SEARCH_USER_PATHS = NO;
				CLANG_CXX_LANGUAGE_STANDARD = "gnu++0x";
				CLANG_CXX_LIBRARY = "libc++";
				CLANG_ENABLE_OBJC_ARC = YES;
				CLANG_WARN_CONSTANT_CONVERSION = YES;
				CLANG_WARN_EMPTY_BODY = YES;
				CLANG_WARN_ENUM_CONVERSION = YES;
				CLANG_WARN_INT_CONVERSION = YES;
				CLANG_WARN__DUPLICATE_METHOD_MATCH = YES;
				"CODE_SIGN_IDENTITY[sdk=iphoneos*]" = "iPhone Developer";
				COPY_PHASE_STRIP = YES;
				GCC_C_LANGUAGE_STANDARD = gnu99;
				GCC_WARN_ABOUT_RETURN_TYPE = YES;
				GCC_WARN_UNINITIALIZED_AUTOS = YES;
				GCC_WARN_UNUSED_VARIABLE = YES;
				IPHONEOS_DEPLOYMENT_TARGET = 6.1;
				OTHER_CFLAGS = "-DNS_BLOCK_ASSERTIONS=1";
				SDKROOT = iphoneos;
				TARGETED_DEVICE_FAMILY = "1,2";
				VALIDATE_PRODUCT = YES;
			};
			name = Release;
		};
		469D21D016EFE61600D894F2 /* Debug */ = {
			isa = XCBuildConfiguration;
			buildSettings = {
				GCC_PRECOMPILE_PREFIX_HEADER = YES;
				GCC_PREFIX_HEADER = "MBMenuController/MBMenuController-Prefix.pch";
				INFOPLIST_FILE = "MBMenuController/MBMenuController-Info.plist";
				PRODUCT_NAME = "$(TARGET_NAME)";
				WRAPPER_EXTENSION = app;
			};
			name = Debug;
		};
		469D21D116EFE61600D894F2 /* Release */ = {
			isa = XCBuildConfiguration;
			buildSettings = {
				GCC_PRECOMPILE_PREFIX_HEADER = YES;
				GCC_PREFIX_HEADER = "MBMenuController/MBMenuController-Prefix.pch";
				INFOPLIST_FILE = "MBMenuController/MBMenuController-Info.plist";
				PRODUCT_NAME = "$(TARGET_NAME)";
				WRAPPER_EXTENSION = app;
			};
			name = Release;
		};
/* End XCBuildConfiguration section */

/* Begin XCConfigurationList section */
		469D21AD16EFE61500D894F2 /* Build configuration list for PBXProject "MBMenuController" */ = {
			isa = XCConfigurationList;
			buildConfigurations = (
				469D21CD16EFE61600D894F2 /* Debug */,
				469D21CE16EFE61600D894F2 /* Release */,
			);
			defaultConfigurationIsVisible = 0;
			defaultConfigurationName = Release;
		};
		469D21CF16EFE61600D894F2 /* Build configuration list for PBXNativeTarget "MBMenuController" */ = {
			isa = XCConfigurationList;
			buildConfigurations = (
				469D21D016EFE61600D894F2 /* Debug */,
				469D21D116EFE61600D894F2 /* Release */,
			);
			defaultConfigurationIsVisible = 0;
			defaultConfigurationName = Release;
		};
/* End XCConfigurationList section */
	};
	rootObject = 469D21AA16EFE61500D894F2 /* Project object */;
}
